
Microsoft Visual Studio Solution File, Format Version 12.00
# Visual Studio Version 17
VisualStudioVersion = 17.0.31903.59
MinimumVisualStudioVersion = 10.0.40219.1
Project("{FAE04EC0-301F-11D3-BF4B-00C04F79EFBC}") = "Day01", "Day01\Day01.csproj", "{591E2F36-6A00-4AD3-88F2-A5A3398BAD18}"
EndProject
Project("{FAE04EC0-301F-11D3-BF4B-00C04F79EFBC}") = "Tests", "Tests\Tests.csproj", "{FB736D1D-A878-423F-8A67-5A6C811DCF99}"
EndProject
Project("{FAE04EC0-301F-11D3-BF4B-00C04F79EFBC}") = "Day02", "Day02\Day02.csproj", "{E2D87E7F-163A-4718-9DB0-59FFA009B350}"
EndProject
Project("{FAE04EC0-301F-11D3-BF4B-00C04F79EFBC}") = "Day03", "Day03\Day03.csproj", "{390645A6-49FB-4232-AAFE-3B5B177BCE6C}"
EndProject
Project("{FAE04EC0-301F-11D3-BF4B-00C04F79EFBC}") = "Day04", "Day04\Day04.csproj", "{CEF84E21-7ECC-4470-9435-43A28506C26B}"
EndProject
Project("{FAE04EC0-301F-11D3-BF4B-00C04F79EFBC}") = "Day05", "Day05\Day05.csproj", "{F4D8A0E4-8C3A-4C09-A627-7AB544BF27CA}"
EndProject
Global
	GlobalSection(SolutionConfigurationPlatforms) = preSolution
		Debug|Any CPU = Debug|Any CPU
		Release|Any CPU = Release|Any CPU
	EndGlobalSection
	GlobalSection(SolutionProperties) = preSolution
		HideSolutionNode = FALSE
	EndGlobalSection
	GlobalSection(ProjectConfigurationPlatforms) = postSolution
		{591E2F36-6A00-4AD3-88F2-A5A3398BAD18}.Debug|Any CPU.ActiveCfg = Debug|Any CPU
		{591E2F36-6A00-4AD3-88F2-A5A3398BAD18}.Debug|Any CPU.Build.0 = Debug|Any CPU
		{591E2F36-6A00-4AD3-88F2-A5A3398BAD18}.Release|Any CPU.ActiveCfg = Release|Any CPU
		{591E2F36-6A00-4AD3-88F2-A5A3398BAD18}.Release|Any CPU.Build.0 = Release|Any CPU
		{FB736D1D-A878-423F-8A67-5A6C811DCF99}.Debug|Any CPU.ActiveCfg = Debug|Any CPU
		{FB736D1D-A878-423F-8A67-5A6C811DCF99}.Debug|Any CPU.Build.0 = Debug|Any CPU
		{FB736D1D-A878-423F-8A67-5A6C811DCF99}.Release|Any CPU.ActiveCfg = Release|Any CPU
		{FB736D1D-A878-423F-8A67-5A6C811DCF99}.Release|Any CPU.Build.0 = Release|Any CPU
		{E2D87E7F-163A-4718-9DB0-59FFA009B350}.Debug|Any CPU.ActiveCfg = Debug|Any CPU
		{E2D87E7F-163A-4718-9DB0-59FFA009B350}.Debug|Any CPU.Build.0 = Debug|Any CPU
		{E2D87E7F-163A-4718-9DB0-59FFA009B350}.Release|Any CPU.ActiveCfg = Release|Any CPU
		{E2D87E7F-163A-4718-9DB0-59FFA009B350}.Release|Any CPU.Build.0 = Release|Any CPU
		{390645A6-49FB-4232-AAFE-3B5B177BCE6C}.Debug|Any CPU.ActiveCfg = Debug|Any CPU
		{390645A6-49FB-4232-AAFE-3B5B177BCE6C}.Debug|Any CPU.Build.0 = Debug|Any CPU
		{390645A6-49FB-4232-AAFE-3B5B177BCE6C}.Release|Any CPU.ActiveCfg = Release|Any CPU
		{390645A6-49FB-4232-AAFE-3B5B177BCE6C}.Release|Any CPU.Build.0 = Release|Any CPU
		{CEF84E21-7ECC-4470-9435-43A28506C26B}.Debug|Any CPU.ActiveCfg = Debug|Any CPU
		{CEF84E21-7ECC-4470-9435-43A28506C26B}.Debug|Any CPU.Build.0 = Debug|Any CPU
		{CEF84E21-7ECC-4470-9435-43A28506C26B}.Release|Any CPU.ActiveCfg = Release|Any CPU
		{CEF84E21-7ECC-4470-9435-43A28506C26B}.Release|Any CPU.Build.0 = Release|Any CPU
		{F4D8A0E4-8C3A-4C09-A627-7AB544BF27CA}.Debug|Any CPU.ActiveCfg = Debug|Any CPU
		{F4D8A0E4-8C3A-4C09-A627-7AB544BF27CA}.Debug|Any CPU.Build.0 = Debug|Any CPU
		{F4D8A0E4-8C3A-4C09-A627-7AB544BF27CA}.Release|Any CPU.ActiveCfg = Release|Any CPU
		{F4D8A0E4-8C3A-4C09-A627-7AB544BF27CA}.Release|Any CPU.Build.0 = Release|Any CPU
	EndGlobalSection
EndGlobal
